{
  "name": "code",
  "version": "1.0.0",
  "lockfileVersion": 3,
  "requires": true,
  "packages": {
    "": {
      "name": "code",
      "version": "1.0.0",
      "license": "ISC",
      "dependencies": {
        "qtools-asynchronous-pipe-plus": "^1.0.4",
        "qtools-config-file-processor": "^1.0.18",
        "qtools-functional-library": "^2.0.4",
        "qtools-library-dot-d": "^1.0.4",
        "qtools-parse-command-line": "^1.0.8"
      }
    },
    "node_modules/@babel/runtime": {
      "version": "7.26.10",
      "resolved": "https://registry.npmjs.org/@babel/runtime/-/runtime-7.26.10.tgz",
      "integrity": "sha512-2WJMeRQPHKSPemqk/awGrAiuFfzBmOIPXKizAsVhWH9YJqLZ0H+HS4c8loHGgW6utJ3E/ejXQUsiGaQy2NZ9Fw==",
      "license": "MIT",
      "dependencies": {
        "regenerator-runtime": "^0.14.0"
      },
      "engines": {
        "node": ">=6.9.0"
      }
    },
    "node_modules/lodash": {
      "version": "4.17.21",
      "resolved": "https://registry.npmjs.org/lodash/-/lodash-4.17.21.tgz",
      "integrity": "sha512-v2kDEe57lecTulaDIuNTPy3Ry4gLGJ6Z1O3vE1krgXZNrsQ+LFTGHVxVjcXPs17LhbZVGedAJv8XZ1tvj5FvSg==",
      "license": "MIT"
    },
    "node_modules/multi-ini": {
      "version": "2.3.2",
      "resolved": "https://registry.npmjs.org/multi-ini/-/multi-ini-2.3.2.tgz",
      "integrity": "sha512-zuznIotGjtc8AXfWwX5/pfQI6JadxR/kN7zA1W8qqomk/7zKHMW54ik052dqV3bPzWLucysvPgJXEySsctUUWQ==",
      "license": "MIT",
      "dependencies": {
        "@babel/runtime": "^7.0.0",
        "lodash": "^4.0.0"
      }
    },
    "node_modules/qtools-asynchronous-pipe-plus": {
      "version": "1.0.4",
      "resolved": "https://registry.npmjs.org/qtools-asynchronous-pipe-plus/-/qtools-asynchronous-pipe-plus-1.0.4.tgz",
      "integrity": "sha512-BT9/51LhxA+2OlMwQFpLUjALrRWQJ+5geR6Ngz0wqNvdlcE3HXImKcTIJfi2/0sfLRmT2eRRkyhjYTGRpmg29Q=="
    },
    "node_modules/qtools-config-file-processor": {
      "version": "1.0.18",
      "resolved": "https://registry.npmjs.org/qtools-config-file-processor/-/qtools-config-file-processor-1.0.18.tgz",
      "integrity": "sha512-AFvopW/RV13vg6MLfT+QgXoap/Fkbk9CIKGNWWyzz3JHWjd2J+2q1AdNqOaRcUqC9fcLBtDYdyaKKrb3zOZX/A==",
      "license": "ISC",
      "dependencies": {
        "multi-ini": "^2.1.2"
      }
    },
    "node_modules/qtools-functional-library": {
      "version": "2.0.4",
      "resolved": "https://registry.npmjs.org/qtools-functional-library/-/qtools-functional-library-2.0.4.tgz",
      "integrity": "sha512-noztSkJI37xcOTer5HVgOnuY/eZ1FeqtSvlpzhmSq7jjT6dQCQjIzwjoe1GqHc5Dt9Os+OFawAUz3hMpO4V1ng==",
      "license": "ISC"
    },
    "node_modules/qtools-library-dot-d": {
      "version": "1.0.4",
      "resolved": "https://registry.npmjs.org/qtools-library-dot-d/-/qtools-library-dot-d-1.0.4.tgz",
      "integrity": "sha512-KRo4U6tkefPeRo2ztkcTBkRN96tIJU+bEw6/McQuD5enDrToRLDmfs4iluRP2kXSXVph0kWaWTvMlp7WtbWacg==",
      "license": "ISC",
      "dependencies": {
        "qtools-asynchronous-pipe-plus": "^1.0.2"
      }
    },
    "node_modules/qtools-parse-command-line": {
      "version": "1.0.8",
      "resolved": "https://registry.npmjs.org/qtools-parse-command-line/-/qtools-parse-command-line-1.0.8.tgz",
      "integrity": "sha512-J33DXj3+JFw9hODmsivvxp5SqQH4sl5X8hKxrnGwHbcVCw6WNBr/UL5sSIdEkem61JMJ+DiQyhK4xF3O47ADHg==",
      "license": "ISC"
    },
    "node_modules/regenerator-runtime": {
      "version": "0.14.1",
      "resolved": "https://registry.npmjs.org/regenerator-runtime/-/regenerator-runtime-0.14.1.tgz",
      "integrity": "sha512-dYnhHh0nJoMfnkZs6GmmhFknAGRrLznOu5nc9ML+EJxGvrx6H7teuevqVqCuPcPK//3eDrrjQhehXVx9cnkGdw==",
      "license": "MIT"
    }
  }
}
