{
  "name": "jina-core",
  "version": "1.0.0",
  "lockfileVersion": 2,
  "requires": true,
  "packages": {
    "": {
      "name": "jina-core",
      "version": "1.0.0",
      "license": "ISC",
      "dependencies": {
        "qtools-asynchronous-pipe-plus": "^1.0.2"
      }
    },
    "node_modules/qtools-asynchronous-pipe-plus": {
      "version": "1.0.2",
      "resolved": "https://registry.npmjs.org/qtools-asynchronous-pipe-plus/-/qtools-asynchronous-pipe-plus-1.0.2.tgz",
      "integrity": "sha512-azJzkgKWYs/rP1xV3m30E7FJJeKSfRf5iy0KqNbyrNMo4cBU42p0yZCRJn7VW5Nh2VmvP6iFAPoS91JognHIMA=="
    }
  },
  "dependencies": {
    "qtools-asynchronous-pipe-plus": {
      "version": "1.0.2",
      "resolved": "https://registry.npmjs.org/qtools-asynchronous-pipe-plus/-/qtools-asynchronous-pipe-plus-1.0.2.tgz",
      "integrity": "sha512-azJzkgKWYs/rP1xV3m30E7FJJeKSfRf5iy0KqNbyrNMo4cBU42p0yZCRJn7VW5Nh2VmvP6iFAPoS91JognHIMA=="
    }
  }
}
