{
  "name": "prompt-library",
  "version": "1.0.0",
  "lockfileVersion": 3,
  "requires": true,
  "packages": {
    "": {
      "name": "prompt-library",
      "version": "1.0.0",
      "license": "ISC",
      "dependencies": {
        "qtools-library-dot-d": "^1.0.2"
      }
    },
    "node_modules/qtools-asynchronous-pipe-plus": {
      "version": "1.0.4",
      "resolved": "https://registry.npmjs.org/qtools-asynchronous-pipe-plus/-/qtools-asynchronous-pipe-plus-1.0.4.tgz",
      "integrity": "sha512-BT9/51LhxA+2OlMwQFpLUjALrRWQJ+5geR6Ngz0wqNvdlcE3HXImKcTIJfi2/0sfLRmT2eRRkyhjYTGRpmg29Q=="
    },
    "node_modules/qtools-library-dot-d": {
      "version": "1.0.2",
      "resolved": "https://registry.npmjs.org/qtools-library-dot-d/-/qtools-library-dot-d-1.0.2.tgz",
      "integrity": "sha512-lp33xjMv9x01RNNez11ldjowfeHCWfHmAstVU+Mt3Vnq3r/j8kx+EseIKWw8zosmmfCv15qXOvkCWvzmeJYhPQ==",
      "license": "ISC",
      "dependencies": {
        "qtools-asynchronous-pipe-plus": "^1.0.2"
      }
    }
  }
}
